
Microsoft Visual Studio Solution File, Format Version 12.00
# Visual Studio Version 17
VisualStudioVersion = 17.9.34728.123
MinimumVisualStudioVersion = 10.0.40219.1
Project("{9A19103F-16F7-4668-BE54-9A1E7A4F7556}") = "LMS", "LMS.csproj", "{20F4FAA2-140E-4A4C-97F3-ED946DA1DE22}"
EndProject
Global
	GlobalSection(SolutionConfigurationPlatforms) = preSolution
		Debug|Any CPU = Debug|Any CPU
		Release|Any CPU = Release|Any CPU
	EndGlobalSection
	GlobalSection(ProjectConfigurationPlatforms) = postSolution
		{20F4FAA2-140E-4A4C-97F3-ED946DA1DE22}.Debug|Any CPU.ActiveCfg = Debug|Any CPU
		{20F4FAA2-140E-4A4C-97F3-ED946DA1DE22}.Debug|Any CPU.Build.0 = Debug|Any CPU
		{20F4FAA2-140E-4A4C-97F3-ED946DA1DE22}.Release|Any CPU.ActiveCfg = Release|Any CPU
		{20F4FAA2-140E-4A4C-97F3-ED946DA1DE22}.Release|Any CPU.Build.0 = Release|Any CPU
	EndGlobalSection
	GlobalSection(SolutionProperties) = preSolution
		HideSolutionNode = FALSE
	EndGlobalSection
	GlobalSection(ExtensibilityGlobals) = postSolution
		SolutionGuid = {794FF458-4614-4E84-8900-451E778935F3}
	EndGlobalSection
EndGlobal
